Microsoft Visual Studio Solution File, Format Version 12.00
# Visual Studio Version 17
VisualStudioVersion = 17.0.31912.275
MinimumVisualStudioVersion = 10.0.40219.1
Project("{9A19103F-16F7-4668-BE54-9A1E7A4F7556}") = "Messaging.Domain", "src/Messaging.Domain/Messaging.Domain.csproj", "{98C954B0-79F3-4D83-801E-8C115660D2C9}"
EndProject
Project("{9A19103F-16F7-4668-BE54-9A1E7A4F7556}") = "Messaging.Application", "src/Messaging.Application/Messaging.Application.csproj", "{456166F3-CC17-45F0-88F4-2B5C38C83B8D}"
EndProject
Project("{9A19103F-16F7-4668-BE54-9A1E7A4F7556}") = "Messaging.Infrastructure", "src/Messaging.Infrastructure/Messaging.Infrastructure.csproj", "{A2A45489-1181-4044-B320-92912EBF0BE4}"
EndProject
Project("{9A19103F-16F7-4668-BE54-9A1E7A4F7556}") = "Messaging.Api", "src/Messaging.Api/Messaging.Api.csproj", "{27EF7F7D-3528-4425-BDE5-DB7EC5B20E31}"
EndProject
Project("{9A19103F-16F7-4668-BE54-9A1E7A4F7556}") = "Messaging.Realtime", "src/Messaging.Realtime/Messaging.Realtime.csproj", "{CB3916CF-D716-41C4-8192-49EF88ACDABA}"
EndProject
Project("{9A19103F-16F7-4668-BE54-9A1E7A4F7556}") = "Messaging.Background", "src/Messaging.Background/Messaging.Background.csproj", "{E9800E17-4D89-410F-BA7A-AE513701B1F7}"
EndProject
Project("{9A19103F-16F7-4668-BE54-9A1E7A4F7556}") = "Gateway", "src/Gateway/Gateway.csproj", "{8115C90A-A4A5-492A-A9A4-03F1F0D2C46B}"
EndProject
Project("{9A19103F-16F7-4668-BE54-9A1E7A4F7556}") = "Auth.Server", "src/Auth.Server/Auth.Server.csproj", "{5FDCA096-4DF0-49E5-9A3D-780FB72A08E2}"
EndProject
Project("{9A19103F-16F7-4668-BE54-9A1E7A4F7556}") = "Messaging.Domain.Tests", "tests/Messaging.Domain.Tests/Messaging.Domain.Tests.csproj", "{66159693-597F-41A3-9CBF-1DBD3E0682DF}"
EndProject
Project("{9A19103F-16F7-4668-BE54-9A1E7A4F7556}") = "Messaging.Application.Tests", "tests/Messaging.Application.Tests/Messaging.Application.Tests.csproj", "{3F5540AF-60B6-4EB0-842D-FD8937C9F668}"
EndProject
Project("{9A19103F-16F7-4668-BE54-9A1E7A4F7556}") = "Messaging.Infrastructure.Tests", "tests/Messaging.Infrastructure.Tests/Messaging.Infrastructure.Tests.csproj", "{3E5B520E-8AAE-46C1-960D-9FFF116D5E02}"
EndProject
Project("{9A19103F-16F7-4668-BE54-9A1E7A4F7556}") = "Messaging.Realtime.Tests", "tests/Messaging.Realtime.Tests/Messaging.Realtime.Tests.csproj", "{153C16BF-0464-4B81-9FE7-CE6051FEC1C5}"
EndProject
Global
GlobalSection(SolutionConfigurationPlatforms) = preSolution
Debug|Any CPU = Debug|Any CPU
Release|Any CPU = Release|Any CPU
EndGlobalSection
GlobalSection(ProjectConfigurationPlatforms) = postSolution
{98C954B0-79F3-4D83-801E-8C115660D2C9}.Debug|Any CPU.ActiveCfg = Debug|Any CPU
{98C954B0-79F3-4D83-801E-8C115660D2C9}.Debug|Any CPU.Build.0 = Debug|Any CPU
{98C954B0-79F3-4D83-801E-8C115660D2C9}.Release|Any CPU.ActiveCfg = Release|Any CPU
{98C954B0-79F3-4D83-801E-8C115660D2C9}.Release|Any CPU.Build.0 = Release|Any CPU
{456166F3-CC17-45F0-88F4-2B5C38C83B8D}.Debug|Any CPU.ActiveCfg = Debug|Any CPU
{456166F3-CC17-45F0-88F4-2B5C38C83B8D}.Debug|Any CPU.Build.0 = Debug|Any CPU
{456166F3-CC17-45F0-88F4-2B5C38C83B8D}.Release|Any CPU.ActiveCfg = Release|Any CPU
{456166F3-CC17-45F0-88F4-2B5C38C83B8D}.Release|Any CPU.Build.0 = Release|Any CPU
{A2A45489-1181-4044-B320-92912EBF0BE4}.Debug|Any CPU.ActiveCfg = Debug|Any CPU
{A2A45489-1181-4044-B320-92912EBF0BE4}.Debug|Any CPU.Build.0 = Debug|Any CPU
{A2A45489-1181-4044-B320-92912EBF0BE4}.Release|Any CPU.ActiveCfg = Release|Any CPU
{A2A45489-1181-4044-B320-92912EBF0BE4}.Release|Any CPU.Build.0 = Release|Any CPU
{27EF7F7D-3528-4425-BDE5-DB7EC5B20E31}.Debug|Any CPU.ActiveCfg = Debug|Any CPU
{27EF7F7D-3528-4425-BDE5-DB7EC5B20E31}.Debug|Any CPU.Build.0 = Debug|Any CPU
{27EF7F7D-3528-4425-BDE5-DB7EC5B20E31}.Release|Any CPU.ActiveCfg = Release|Any CPU
{27EF7F7D-3528-4425-BDE5-DB7EC5B20E31}.Release|Any CPU.Build.0 = Release|Any CPU
{CB3916CF-D716-41C4-8192-49EF88ACDABA}.Debug|Any CPU.ActiveCfg = Debug|Any CPU
{CB3916CF-D716-41C4-8192-49EF88ACDABA}.Debug|Any CPU.Build.0 = Debug|Any CPU
{CB3916CF-D716-41C4-8192-49EF88ACDABA}.Release|Any CPU.ActiveCfg = Release|Any CPU
{CB3916CF-D716-41C4-8192-49EF88ACDABA}.Release|Any CPU.Build.0 = Release|Any CPU
{E9800E17-4D89-410F-BA7A-AE513701B1F7}.Debug|Any CPU.ActiveCfg = Debug|Any CPU
{E9800E17-4D89-410F-BA7A-AE513701B1F7}.Debug|Any CPU.Build.0 = Debug|Any CPU
{E9800E17-4D89-410F-BA7A-AE513701B1F7}.Release|Any CPU.ActiveCfg = Release|Any CPU
{E9800E17-4D89-410F-BA7A-AE513701B1F7}.Release|Any CPU.Build.0 = Release|Any CPU
{8115C90A-A4A5-492A-A9A4-03F1F0D2C46B}.Debug|Any CPU.ActiveCfg = Debug|Any CPU
{8115C90A-A4A5-492A-A9A4-03F1F0D2C46B}.Debug|Any CPU.Build.0 = Debug|Any CPU
{8115C90A-A4A5-492A-A9A4-03F1F0D2C46B}.Release|Any CPU.ActiveCfg = Release|Any CPU
{8115C90A-A4A5-492A-A9A4-03F1F0D2C46B}.Release|Any CPU.Build.0 = Release|Any CPU
{5FDCA096-4DF0-49E5-9A3D-780FB72A08E2}.Debug|Any CPU.ActiveCfg = Debug|Any CPU
{5FDCA096-4DF0-49E5-9A3D-780FB72A08E2}.Debug|Any CPU.Build.0 = Debug|Any CPU
{5FDCA096-4DF0-49E5-9A3D-780FB72A08E2}.Release|Any CPU.ActiveCfg = Release|Any CPU
{5FDCA096-4DF0-49E5-9A3D-780FB72A08E2}.Release|Any CPU.Build.0 = Release|Any CPU
{66159693-597F-41A3-9CBF-1DBD3E0682DF}.Debug|Any CPU.ActiveCfg = Debug|Any CPU
{66159693-597F-41A3-9CBF-1DBD3E0682DF}.Debug|Any CPU.Build.0 = Debug|Any CPU
{66159693-597F-41A3-9CBF-1DBD3E0682DF}.Release|Any CPU.ActiveCfg = Release|Any CPU
{66159693-597F-41A3-9CBF-1DBD3E0682DF}.Release|Any CPU.Build.0 = Release|Any CPU
{3F5540AF-60B6-4EB0-842D-FD8937C9F668}.Debug|Any CPU.ActiveCfg = Debug|Any CPU
{3F5540AF-60B6-4EB0-842D-FD8937C9F668}.Debug|Any CPU.Build.0 = Debug|Any CPU
{3F5540AF-60B6-4EB0-842D-FD8937C9F668}.Release|Any CPU.ActiveCfg = Release|Any CPU
{3F5540AF-60B6-4EB0-842D-FD8937C9F668}.Release|Any CPU.Build.0 = Release|Any CPU
{3E5B520E-8AAE-46C1-960D-9FFF116D5E02}.Debug|Any CPU.ActiveCfg = Debug|Any CPU
{3E5B520E-8AAE-46C1-960D-9FFF116D5E02}.Debug|Any CPU.Build.0 = Debug|Any CPU
{3E5B520E-8AAE-46C1-960D-9FFF116D5E02}.Release|Any CPU.ActiveCfg = Release|Any CPU
{3E5B520E-8AAE-46C1-960D-9FFF116D5E02}.Release|Any CPU.Build.0 = Release|Any CPU
{153C16BF-0464-4B81-9FE7-CE6051FEC1C5}.Debug|Any CPU.ActiveCfg = Debug|Any CPU
{153C16BF-0464-4B81-9FE7-CE6051FEC1C5}.Debug|Any CPU.Build.0 = Debug|Any CPU
{153C16BF-0464-4B81-9FE7-CE6051FEC1C5}.Release|Any CPU.ActiveCfg = Release|Any CPU
{153C16BF-0464-4B81-9FE7-CE6051FEC1C5}.Release|Any CPU.Build.0 = Release|Any CPU
EndGlobalSection
GlobalSection(SolutionProperties) = preSolution
HideSolutionNode = FALSE
EndGlobalSection
GlobalSection(ExtensibilityGlobals) = postSolution
SolutionGuid = {ED9E6CC4-D061-4CA6-AB6D-6B838F35747D}
EndGlobalSection
EndGlobal
